{
  "name": "com.cordova.cmt",
  "version": "1.5.1",
  "lockfileVersion": 2,
  "requires": true,
  "packages": {
    "": {
      "name": "com.cordova.cmt",
      "version": "1.5.1",
      "license": "Apache-2.0",
      "devDependencies": {
        "@havesource/cordova-plugin-push": "^5.0.5",
        "cordova-ios": "~3.9.1",
        "cordova-plugin-advanced-http": "^3.3.1",
        "cordova-plugin-device": "^2.1.0",
        "cordova-plugin-file": "^8.0.0",
        "cordova-plugin-fingerprint-aio": "^5.0.1",
        "cordova-plugin-inappbrowser": "^5.0.0",
        "cordova-plugin-network-information": "^3.0.0",
        "cordova-plugin-push": "^0.0.1",
        "cordova-plugin-push-notification": "^2.5.2",
        "cordova-plugin-splashscreen": "^6.0.1",
        "cordova-plugin-statusbar": "^3.0.0",
        "cordova-support-google-services": "~1.3.1",
        "phonegap-plugin-multidex": "~1.0.0"
      }
    },
    "node_modules/@havesource/cordova-plugin-push": {
      "version": "5.0.5",
      "resolved": "https://registry.npmjs.org/@havesource/cordova-plugin-push/-/cordova-plugin-push-5.0.5.tgz",
      "integrity": "sha512-eD7EyjSTl1vi1gcMswD3Q7o5UV1l+JoS+RaQ9LxlBXC3u+tOEgVFvvrnb9klWvuLrRVu/JjuG0sg4oK8irVLuA==",
      "dev": true,
      "engines": {
        "cordovaDependencies": {
          "1.0.0": {
            "cordova": ">=10.0.0",
            "cordova-android": ">=8.0.0",
            "cordova-ios": ">=5.1.1"
          },
          "2.0.0": {
            "cordova": ">=10.0.0",
            "cordova-android": ">=8.0.0",
            "cordova-ios": ">=6.0.0"
          },
          "3.0.0": {
            "cordova": ">=10.0.0",
            "cordova-android": ">=9.0.0",
            "cordova-ios": ">=6.0.0"
          },
          "4.0.0": {
            "cordova": ">=10.0.0",
            "cordova-android": ">=12.0.0",
            "cordova-ios": ">=6.0.0"
          },
          "5.0.0": {
            "cordova": ">=10.0.0",
            "cordova-android": ">=12.0.0",
            "cordova-ios": ">=6.0.0"
          }
        }
      }
    },
    "node_modules/cordova-ios": {
      "version": "3.9.2",
      "resolved": "https://registry.npmjs.org/cordova-ios/-/cordova-ios-3.9.2.tgz",
      "integrity": "sha512-zgxTunHKXzVJWYQhOOPCzgaOAC8YG6ZFoz9e/CeenMTdoF0AtV3HEbK6q3iRb6Zr9Z7ddL44N4jLK+cYKxCLJg==",
      "dev": true
    },
    "node_modules/cordova-plugin-advanced-http": {
      "version": "3.3.1",
      "resolved": "https://registry.npmjs.org/cordova-plugin-advanced-http/-/cordova-plugin-advanced-http-3.3.1.tgz",
      "integrity": "sha512-hESuB3mxIHCUrzb5lm7juda6PSNcC5N8Invizj5wGV2rSldCapiNxMTEpzKR1UVPDDP2XOtBzO0SAYS+3+g/ig==",
      "dev": true,
      "engines": [
        {
          "name": "cordova",
          "version": ">=4.0.0"
        }
      ]
    },
    "node_modules/cordova-plugin-device": {
      "version": "2.1.0",
      "resolved": "https://registry.npmjs.org/cordova-plugin-device/-/cordova-plugin-device-2.1.0.tgz",
      "integrity": "sha512-FU0Lw1jZpuKOgG4v80LrfMAOIMCGfAVPumn7AwaX9S1iU/X3OPZUyoKUgP09q4bxL35IeNPkqNWVKYduAXZ1sg==",
      "dev": true,
      "engines": {
        "cordovaDependencies": {
          "3.0.0": {
            "cordova": ">100",
            "cordova-electron": ">=3.0.0"
          }
        }
      }
    },
    "node_modules/cordova-plugin-file": {
      "version": "8.0.0",
      "resolved": "https://registry.npmjs.org/cordova-plugin-file/-/cordova-plugin-file-8.0.0.tgz",
      "integrity": "sha512-pgxCJtDjDKzyeqvrn0KnDubf9b1VLv+OyWTXjUR7T52o7oGDUkR3ubT89i/1ugHtRU6mY7XIGHD4drUByDQClw==",
      "dev": true,
      "engines": {
        "cordovaDependencies": {
          "5.0.0": {
            "cordova-android": ">=6.3.0"
          },
          "7.0.0": {
            "cordova-android": ">=10.0.0"
          },
          "8.0.0": {
            "cordova-android": ">=12.0.0"
          },
          "9.0.0": {
            "cordova": ">100"
          }
        }
      }
    },
    "node_modules/cordova-plugin-fingerprint-aio": {
      "version": "5.0.1",
      "resolved": "https://registry.npmjs.org/cordova-plugin-fingerprint-aio/-/cordova-plugin-fingerprint-aio-5.0.1.tgz",
      "integrity": "sha512-gZSBu7ZWmqy/Sf+LEnGv6/a5zLIZwijRsQ8nAxdlU94VHOyPB8yGTzSImBJvvShzr+BJ5GkJcv5iffUNpanXtQ==",
      "dev": true,
      "engines": {
        "cordovaDependencies": {
          ">=3.0.0": {
            "cordova-android": ">=8.0.0"
          }
        }
      },
      "funding": {
        "url": "https://github.com/sponsors/NiklasMerz"
      }
    },
    "node_modules/cordova-plugin-inappbrowser": {
      "version": "5.0.0",
      "resolved": "https://registry.npmjs.org/cordova-plugin-inappbrowser/-/cordova-plugin-inappbrowser-5.0.0.tgz",
      "integrity": "sha512-MqnpmUQ/iy6hxtIGDdlIhy8aNi1pNanLATpbnkk7uCqW9YQ4rH/dGK9zESbZ50pUi2A2D2QMjBXNV175TJK5OQ==",
      "dev": true,
      "engines": {
        "cordovaDependencies": {
          "0.2.3": {
            "cordova": ">=3.1.0"
          },
          "4.0.0": {
            "cordova": ">=3.1.0",
            "cordova-ios": ">=4.0.0"
          },
          "5.0.0": {
            "cordova": ">=9.0.0",
            "cordova-android": ">=9.0.0",
            "cordova-ios": ">=6.0.0"
          },
          "6.0.0": {
            "cordova": ">100"
          }
        }
      }
    },
    "node_modules/cordova-plugin-network-information": {
      "version": "3.0.0",
      "resolved": "https://registry.npmjs.org/cordova-plugin-network-information/-/cordova-plugin-network-information-3.0.0.tgz",
      "integrity": "sha512-bBtP3PxIX8vshsfR0+F6co2e2cFLgjt18yKIdigzMwk6ANudWQ72RB3g2qMPyT6fBDWmUyE1Qd+bKQB/fZtQwQ==",
      "dev": true,
      "engines": {
        "cordovaDependencies": {
          "3.0.0": {
            "cordova": ">=9"
          },
          "4.0.0": {
            "cordova": ">100"
          }
        }
      }
    },
    "node_modules/cordova-plugin-push": {
      "version": "0.0.1",
      "resolved": "https://registry.npmjs.org/cordova-plugin-push/-/cordova-plugin-push-0.0.1.tgz",
      "integrity": "sha512-YTH26sXHiauakUB0V4SLsD9i86Erd+m3ttZUbjAKvgqky+pLU4akFKNMsY1H+KT1D6bH/o+KDtnGWm5s9lfH2A==",
      "dev": true
    },
    "node_modules/cordova-plugin-push-notification": {
      "version": "2.5.2",
      "resolved": "https://registry.npmjs.org/cordova-plugin-push-notification/-/cordova-plugin-push-notification-2.5.2.tgz",
      "integrity": "sha512-wtMJWcrUVjfUgIpZ1hwcf07Z3IzeVGxUnCcaDsWvI2dFRWX3GlJ/Y5mx/WKdocQr4S02mmODC5A6gxZ7eQjgsA==",
      "dev": true
    },
    "node_modules/cordova-plugin-splashscreen": {
      "version": "6.0.1",
      "resolved": "https://registry.npmjs.org/cordova-plugin-splashscreen/-/cordova-plugin-splashscreen-6.0.1.tgz",
      "integrity": "sha512-olJPBFRUuzunzeuB76TOBoq3yYlnhpWDk/S7ErR6MdqPz1KuK36omB9u4o//SdgfBbxHz+SsUtyvst68NrU3pA==",
      "dev": true,
      "engines": {
        "cordovaDependencies": {
          ">=4.0.0": {
            "cordova-android": ">=3.6.0",
            "cordova-windows": ">=4.4.0"
          },
          "2.0.0": {
            "cordova-android": ">=3.6.0"
          },
          "7.0.0": {
            "cordova": ">100"
          }
        }
      }
    },
    "node_modules/cordova-plugin-statusbar": {
      "version": "3.0.0",
      "resolved": "https://registry.npmjs.org/cordova-plugin-statusbar/-/cordova-plugin-statusbar-3.0.0.tgz",
      "integrity": "sha512-nzkeWeyLA6+1FryzO0aeB6NS8MZ45gnBYeq2VZqfdNbddZEgtpI4XPYdBVxvm9NhcVoJ3tdA1OBnQD9JryoV0Q==",
      "dev": true,
      "engines": {
        "cordovaDependencies": {
          "0.1.0": {
            "cordova": ">=3.0.0"
          },
          "4.0.0": {
            "cordova": ">100"
          }
        }
      }
    },
    "node_modules/cordova-support-google-services": {
      "version": "1.3.2",
      "resolved": "https://registry.npmjs.org/cordova-support-google-services/-/cordova-support-google-services-1.3.2.tgz",
      "integrity": "sha512-RtEWzULreUX662MFWopGhFispLiHX7gUf2GijPOC2mY2oCNuUobj2mO4tl5q7PYbOreSxq+PrSekhmS6TAAWdw==",
      "dev": true
    },
    "node_modules/phonegap-plugin-multidex": {
      "version": "1.0.0",
      "resolved": "https://registry.npmjs.org/phonegap-plugin-multidex/-/phonegap-plugin-multidex-1.0.0.tgz",
      "integrity": "sha512-1wvc3iQOQpEBaQbXgLxA2JUiLSQ2azdF/bF29ghXDiQJWSpQ1BF8gSuqttM8WZoj081Ps8OKL0gYxdDBkFNPqA==",
      "deprecated": "This package is deprecated, see https://blog.phonegap.com/update-for-customers-using-phonegap-and-phonegap-build-cc701c77502c",
      "dev": true
    }
  },
  "dependencies": {
    "@havesource/cordova-plugin-push": {
      "version": "5.0.5",
      "resolved": "https://registry.npmjs.org/@havesource/cordova-plugin-push/-/cordova-plugin-push-5.0.5.tgz",
      "integrity": "sha512-eD7EyjSTl1vi1gcMswD3Q7o5UV1l+JoS+RaQ9LxlBXC3u+tOEgVFvvrnb9klWvuLrRVu/JjuG0sg4oK8irVLuA==",
      "dev": true
    },
    "cordova-ios": {
      "version": "3.9.2",
      "resolved": "https://registry.npmjs.org/cordova-ios/-/cordova-ios-3.9.2.tgz",
      "integrity": "sha512-zgxTunHKXzVJWYQhOOPCzgaOAC8YG6ZFoz9e/CeenMTdoF0AtV3HEbK6q3iRb6Zr9Z7ddL44N4jLK+cYKxCLJg==",
      "dev": true
    },
    "cordova-plugin-advanced-http": {
      "version": "3.3.1",
      "resolved": "https://registry.npmjs.org/cordova-plugin-advanced-http/-/cordova-plugin-advanced-http-3.3.1.tgz",
      "integrity": "sha512-hESuB3mxIHCUrzb5lm7juda6PSNcC5N8Invizj5wGV2rSldCapiNxMTEpzKR1UVPDDP2XOtBzO0SAYS+3+g/ig==",
      "dev": true
    },
    "cordova-plugin-device": {
      "version": "2.1.0",
      "resolved": "https://registry.npmjs.org/cordova-plugin-device/-/cordova-plugin-device-2.1.0.tgz",
      "integrity": "sha512-FU0Lw1jZpuKOgG4v80LrfMAOIMCGfAVPumn7AwaX9S1iU/X3OPZUyoKUgP09q4bxL35IeNPkqNWVKYduAXZ1sg==",
      "dev": true
    },
    "cordova-plugin-file": {
      "version": "8.0.0",
      "resolved": "https://registry.npmjs.org/cordova-plugin-file/-/cordova-plugin-file-8.0.0.tgz",
      "integrity": "sha512-pgxCJtDjDKzyeqvrn0KnDubf9b1VLv+OyWTXjUR7T52o7oGDUkR3ubT89i/1ugHtRU6mY7XIGHD4drUByDQClw==",
      "dev": true
    },
    "cordova-plugin-fingerprint-aio": {
      "version": "5.0.1",
      "resolved": "https://registry.npmjs.org/cordova-plugin-fingerprint-aio/-/cordova-plugin-fingerprint-aio-5.0.1.tgz",
      "integrity": "sha512-gZSBu7ZWmqy/Sf+LEnGv6/a5zLIZwijRsQ8nAxdlU94VHOyPB8yGTzSImBJvvShzr+BJ5GkJcv5iffUNpanXtQ==",
      "dev": true
    },
    "cordova-plugin-inappbrowser": {
      "version": "5.0.0",
      "resolved": "https://registry.npmjs.org/cordova-plugin-inappbrowser/-/cordova-plugin-inappbrowser-5.0.0.tgz",
      "integrity": "sha512-MqnpmUQ/iy6hxtIGDdlIhy8aNi1pNanLATpbnkk7uCqW9YQ4rH/dGK9zESbZ50pUi2A2D2QMjBXNV175TJK5OQ==",
      "dev": true
    },
    "cordova-plugin-network-information": {
      "version": "3.0.0",
      "resolved": "https://registry.npmjs.org/cordova-plugin-network-information/-/cordova-plugin-network-information-3.0.0.tgz",
      "integrity": "sha512-bBtP3PxIX8vshsfR0+F6co2e2cFLgjt18yKIdigzMwk6ANudWQ72RB3g2qMPyT6fBDWmUyE1Qd+bKQB/fZtQwQ==",
      "dev": true
    },
    "cordova-plugin-push": {
      "version": "0.0.1",
      "resolved": "https://registry.npmjs.org/cordova-plugin-push/-/cordova-plugin-push-0.0.1.tgz",
      "integrity": "sha512-YTH26sXHiauakUB0V4SLsD9i86Erd+m3ttZUbjAKvgqky+pLU4akFKNMsY1H+KT1D6bH/o+KDtnGWm5s9lfH2A==",
      "dev": true
    },
    "cordova-plugin-push-notification": {
      "version": "2.5.2",
      "resolved": "https://registry.npmjs.org/cordova-plugin-push-notification/-/cordova-plugin-push-notification-2.5.2.tgz",
      "integrity": "sha512-wtMJWcrUVjfUgIpZ1hwcf07Z3IzeVGxUnCcaDsWvI2dFRWX3GlJ/Y5mx/WKdocQr4S02mmODC5A6gxZ7eQjgsA==",
      "dev": true
    },
    "cordova-plugin-splashscreen": {
      "version": "6.0.1",
      "resolved": "https://registry.npmjs.org/cordova-plugin-splashscreen/-/cordova-plugin-splashscreen-6.0.1.tgz",
      "integrity": "sha512-olJPBFRUuzunzeuB76TOBoq3yYlnhpWDk/S7ErR6MdqPz1KuK36omB9u4o//SdgfBbxHz+SsUtyvst68NrU3pA==",
      "dev": true
    },
    "cordova-plugin-statusbar": {
      "version": "3.0.0",
      "resolved": "https://registry.npmjs.org/cordova-plugin-statusbar/-/cordova-plugin-statusbar-3.0.0.tgz",
      "integrity": "sha512-nzkeWeyLA6+1FryzO0aeB6NS8MZ45gnBYeq2VZqfdNbddZEgtpI4XPYdBVxvm9NhcVoJ3tdA1OBnQD9JryoV0Q==",
      "dev": true
    },
    "cordova-support-google-services": {
      "version": "1.3.2",
      "resolved": "https://registry.npmjs.org/cordova-support-google-services/-/cordova-support-google-services-1.3.2.tgz",
      "integrity": "sha512-RtEWzULreUX662MFWopGhFispLiHX7gUf2GijPOC2mY2oCNuUobj2mO4tl5q7PYbOreSxq+PrSekhmS6TAAWdw==",
      "dev": true
    },
    "phonegap-plugin-multidex": {
      "version": "1.0.0",
      "resolved": "https://registry.npmjs.org/phonegap-plugin-multidex/-/phonegap-plugin-multidex-1.0.0.tgz",
      "integrity": "sha512-1wvc3iQOQpEBaQbXgLxA2JUiLSQ2azdF/bF29ghXDiQJWSpQ1BF8gSuqttM8WZoj081Ps8OKL0gYxdDBkFNPqA==",
      "dev": true
    }
  }
}
