// !$*UTF8*$!
{
	archiveVersion = 1;
	classes = {
	};
	objectVersion = 60;
	objects = {

/* Begin PBXBuildFile section */
		18DB93A9252748A8A8CD4666 /* CDVConnection.m in Sources */ = {isa = PBXBuildFile; fileRef = 3FA87E5F78EF4439B8416095 /* CDVConnection.m */; };
		19485680E6204B7DADF1B224 /* CDVInAppBrowserNavigationController.m in Sources */ = {isa = PBXBuildFile; fileRef = 04776FF07DD94D68AC8DF6D3 /* CDVInAppBrowserNavigationController.m */; };
		23B22488A6B24A258B15A6CE /* CDVFile.m in Sources */ = {isa = PBXBuildFile; fileRef = FECBF7B42CE2447CB98AB74B /* CDVFile.m */; };
		2E9F258217184015B4BC50A9 /* CDVLocalFilesystem.m in Sources */ = {isa = PBXBuildFile; fileRef = 5DE429CE9E6F417E81ECF835 /* CDVLocalFilesystem.m */; };
		470C39B4069A48589703ECCA /* CDVStatusBar.m in Sources */ = {isa = PBXBuildFile; fileRef = F7B2374BCF67447DA744CAC6 /* CDVStatusBar.m */; };
		76A4AB9FE9EA44F2AB2E4E63 /* CDVCapture.bundle in Resources */ = {isa = PBXBuildFile; fileRef = F4FEB6D4DCFB4AB9AAC2F6B7 /* CDVCapture.bundle */; };
		772108153B9B44E694860317 /* CDVWKInAppBrowser.m in Sources */ = {isa = PBXBuildFile; fileRef = 03777303B2E5457586C627B7 /* CDVWKInAppBrowser.m */; };
		907F98562C06B87200D2D242 /* PrivacyInfo.xcprivacy in Resources */ = {isa = PBXBuildFile; fileRef = 907F98552C06B87200D2D242 /* PrivacyInfo.xcprivacy */; };
		907F98662C06BC1B00D2D242 /* config.xml in Resources */ = {isa = PBXBuildFile; fileRef = 907F98652C06BC1B00D2D242 /* config.xml */; };
		907F986A2C06BCD300D2D242 /* www in Resources */ = {isa = PBXBuildFile; fileRef = 907F98692C06BCD300D2D242 /* www */; };
		90A914592CA3D370003DB979 /* Cordova in Frameworks */ = {isa = PBXBuildFile; productRef = 90A914582CA3D370003DB979 /* Cordova */; };
		90BD9B7A2C06907D000DEBAB /* Base in Resources */ = {isa = PBXBuildFile; fileRef = 90BD9B792C06907D000DEBAB /* Base */; };
		90BD9B7C2C06907E000DEBAB /* Assets.xcassets in Resources */ = {isa = PBXBuildFile; fileRef = 90BD9B7B2C06907E000DEBAB /* Assets.xcassets */; };
		90BD9B7F2C06907E000DEBAB /* Base in Resources */ = {isa = PBXBuildFile; fileRef = 90BD9B7E2C06907E000DEBAB /* Base */; };
		90CBB5282C06968500B805A2 /* AppDelegate.swift in Sources */ = {isa = PBXBuildFile; fileRef = 90CBB5272C06968500B805A2 /* AppDelegate.swift */; };
		90CBB52A2C06968500B805A2 /* SceneDelegate.swift in Sources */ = {isa = PBXBuildFile; fileRef = 90CBB5292C06968500B805A2 /* SceneDelegate.swift */; };
		90CBB52C2C06968500B805A2 /* ViewController.swift in Sources */ = {isa = PBXBuildFile; fileRef = 90CBB52B2C06968500B805A2 /* ViewController.swift */; };
		90D82ABD2CF19AEA001383CF /* CordovaPlugins in Frameworks */ = {isa = PBXBuildFile; productRef = 90D82ABC2CF19AEA001383CF /* CordovaPlugins */; };
		92FE6BAEA767403BA7A9928C /* CDVAssetLibraryFilesystem.m in Sources */ = {isa = PBXBuildFile; fileRef = 683EE2C641A141C89C941DB3 /* CDVAssetLibraryFilesystem.m */; };
		9D6293B5A8D349719A747B2E /* CDVInAppBrowserOptions.m in Sources */ = {isa = PBXBuildFile; fileRef = 64679492BC4E4CCD96E6988C /* CDVInAppBrowserOptions.m */; };
		9FE07E69CF7147E5ADB36EA7 /* CDVDevice.m in Sources */ = {isa = PBXBuildFile; fileRef = 5464429F5A4348C69AA20217 /* CDVDevice.m */; };
		B9325416B0E84FE5938680EF /* CDVSound.m in Sources */ = {isa = PBXBuildFile; fileRef = 8D8AA8DC58D348599A81EB87 /* CDVSound.m */; };
		BCED2E4EE9354D6E93375A84 /* CDVReachability.m in Sources */ = {isa = PBXBuildFile; fileRef = 5ABF232750D74F809F4FF348 /* CDVReachability.m */; };
		D08B9E5830564D8C8BEB2539 /* CoreTelephony.framework in Frameworks */ = {isa = PBXBuildFile; fileRef = 05A5D2841B8A41A3BC87AAD1 /* CoreTelephony.framework */; };
		D9AD67268AAD4D21951867F3 /* CDVCapture.m in Sources */ = {isa = PBXBuildFile; fileRef = 5ED064AF024E43469BABD07F /* CDVCapture.m */; };
		E46D8A13F3FB41EAABF0E4A3 /* CDVFile.bundle in Resources */ = {isa = PBXBuildFile; fileRef = 95C834761521465EA3A5407F /* CDVFile.bundle */; };
		EE8887C878BC43049AC95C09 /* GoogleService-Info.plist in Resources */ = {isa = PBXBuildFile; fileRef = 8A973609DD394A5296D8C405 /* GoogleService-Info.plist */; };
		F97F4772BF914405AE2B0FAC /* SystemConfiguration.framework in Frameworks */ = {isa = PBXBuildFile; fileRef = C377595E571A41379E6F1671 /* SystemConfiguration.framework */; settings = {ATTRIBUTES = (Weak, ); }; };
		FD4E1A491FB84504A3151717 /* CDVWKInAppBrowserUIDelegate.m in Sources */ = {isa = PBXBuildFile; fileRef = 8022C4FD173645099769A18E /* CDVWKInAppBrowserUIDelegate.m */; };
/* End PBXBuildFile section */

/* Begin PBXCopyFilesBuildPhase section */
		902AE2152C6C059A0041150F /* Embed Frameworks */ = {
			isa = PBXCopyFilesBuildPhase;
			buildActionMask = 2147483647;
			dstPath = "";
			dstSubfolderSpec = 10;
			files = (
			);
			name = "Embed Frameworks";
			runOnlyForDeploymentPostprocessing = 0;
		};
/* End PBXCopyFilesBuildPhase section */

/* Begin PBXFileReference section */
		03777303B2E5457586C627B7 /* CDVWKInAppBrowser.m */ = {isa = PBXFileReference; fileEncoding = 4; includeInIndex = 0; lastKnownFileType = sourcecode.c.objc; name = CDVWKInAppBrowser.m; path = "cordova-plugin-inappbrowser/CDVWKInAppBrowser.m"; sourceTree = "<group>"; };
		04776FF07DD94D68AC8DF6D3 /* CDVInAppBrowserNavigationController.m */ = {isa = PBXFileReference; fileEncoding = 4; includeInIndex = 0; lastKnownFileType = sourcecode.c.objc; name = CDVInAppBrowserNavigationController.m; path = "cordova-plugin-inappbrowser/CDVInAppBrowserNavigationController.m"; sourceTree = "<group>"; };
		05A5D2841B8A41A3BC87AAD1 /* CoreTelephony.framework */ = {isa = PBXFileReference; includeInIndex = 0; lastKnownFileType = wrapper.framework; name = CoreTelephony.framework; path = System/Library/Frameworks/CoreTelephony.framework; sourceTree = SDKROOT; };
		2E8C9B2BCA704A7FB69843D4 /* CDVInAppBrowserNavigationController.h */ = {isa = PBXFileReference; fileEncoding = 4; includeInIndex = 0; lastKnownFileType = sourcecode.c.h; name = CDVInAppBrowserNavigationController.h; path = "cordova-plugin-inappbrowser/CDVInAppBrowserNavigationController.h"; sourceTree = "<group>"; };
		3FA87E5F78EF4439B8416095 /* CDVConnection.m */ = {isa = PBXFileReference; fileEncoding = 4; includeInIndex = 0; lastKnownFileType = sourcecode.c.objc; name = CDVConnection.m; path = "cordova-plugin-network-information/CDVConnection.m"; sourceTree = "<group>"; };
		4D3057418DDE45FB8DCBF5C8 /* CDVFile.h */ = {isa = PBXFileReference; fileEncoding = 4; includeInIndex = 0; lastKnownFileType = sourcecode.c.h; name = CDVFile.h; path = "cordova-plugin-file/CDVFile.h"; sourceTree = "<group>"; };
		5464429F5A4348C69AA20217 /* CDVDevice.m */ = {isa = PBXFileReference; fileEncoding = 4; includeInIndex = 0; lastKnownFileType = sourcecode.c.objc; name = CDVDevice.m; path = "cordova-plugin-device/CDVDevice.m"; sourceTree = "<group>"; };
		5ABF232750D74F809F4FF348 /* CDVReachability.m */ = {isa = PBXFileReference; fileEncoding = 4; includeInIndex = 0; lastKnownFileType = sourcecode.c.objc; name = CDVReachability.m; path = "cordova-plugin-network-information/CDVReachability.m"; sourceTree = "<group>"; };
		5DE429CE9E6F417E81ECF835 /* CDVLocalFilesystem.m */ = {isa = PBXFileReference; fileEncoding = 4; includeInIndex = 0; lastKnownFileType = sourcecode.c.objc; name = CDVLocalFilesystem.m; path = "cordova-plugin-file/CDVLocalFilesystem.m"; sourceTree = "<group>"; };
		5ED064AF024E43469BABD07F /* CDVCapture.m */ = {isa = PBXFileReference; fileEncoding = 4; includeInIndex = 0; lastKnownFileType = sourcecode.c.objc; name = CDVCapture.m; path = "cordova-plugin-media-capture/CDVCapture.m"; sourceTree = "<group>"; };
		621A4CBC1EAE4DFFB9ACD88D /* CDVConnection.h */ = {isa = PBXFileReference; fileEncoding = 4; includeInIndex = 0; lastKnownFileType = sourcecode.c.h; name = CDVConnection.h; path = "cordova-plugin-network-information/CDVConnection.h"; sourceTree = "<group>"; };
		64679492BC4E4CCD96E6988C /* CDVInAppBrowserOptions.m */ = {isa = PBXFileReference; fileEncoding = 4; includeInIndex = 0; lastKnownFileType = sourcecode.c.objc; name = CDVInAppBrowserOptions.m; path = "cordova-plugin-inappbrowser/CDVInAppBrowserOptions.m"; sourceTree = "<group>"; };
		683EE2C641A141C89C941DB3 /* CDVAssetLibraryFilesystem.m */ = {isa = PBXFileReference; fileEncoding = 4; includeInIndex = 0; lastKnownFileType = sourcecode.c.objc; name = CDVAssetLibraryFilesystem.m; path = "cordova-plugin-file/CDVAssetLibraryFilesystem.m"; sourceTree = "<group>"; };
		6F92439E1663410BB0C2AC26 /* CDVInAppBrowserOptions.h */ = {isa = PBXFileReference; fileEncoding = 4; includeInIndex = 0; lastKnownFileType = sourcecode.c.h; name = CDVInAppBrowserOptions.h; path = "cordova-plugin-inappbrowser/CDVInAppBrowserOptions.h"; sourceTree = "<group>"; };
		8022C4FD173645099769A18E /* CDVWKInAppBrowserUIDelegate.m */ = {isa = PBXFileReference; fileEncoding = 4; includeInIndex = 0; lastKnownFileType = sourcecode.c.objc; name = CDVWKInAppBrowserUIDelegate.m; path = "cordova-plugin-inappbrowser/CDVWKInAppBrowserUIDelegate.m"; sourceTree = "<group>"; };
		8803A2664F104189963ED975 /* CDVSound.h */ = {isa = PBXFileReference; fileEncoding = 4; includeInIndex = 0; lastKnownFileType = sourcecode.c.h; name = CDVSound.h; path = "cordova-plugin-media/CDVSound.h"; sourceTree = "<group>"; };
		8A973609DD394A5296D8C405 /* GoogleService-Info.plist */ = {isa = PBXFileReference; fileEncoding = 4; includeInIndex = 0; lastKnownFileType = text.plist.xml; name = "GoogleService-Info.plist"; path = "res/GoogleService-Info.plist"; sourceTree = "<group>"; };
		8D8AA8DC58D348599A81EB87 /* CDVSound.m */ = {isa = PBXFileReference; fileEncoding = 4; includeInIndex = 0; lastKnownFileType = sourcecode.c.objc; name = CDVSound.m; path = "cordova-plugin-media/CDVSound.m"; sourceTree = "<group>"; };
		9040B1872C6DD3EB00662C5D /* Bridging-Header.h */ = {isa = PBXFileReference; fileEncoding = 4; lastKnownFileType = sourcecode.c.h; path = "Bridging-Header.h"; sourceTree = "<group>"; };
		9040B1882C6DD41B00662C5D /* www */ = {isa = PBXFileReference; lastKnownFileType = folder; name = www; path = ../../www; sourceTree = "<group>"; };
		907F98552C06B87200D2D242 /* PrivacyInfo.xcprivacy */ = {isa = PBXFileReference; lastKnownFileType = text.xml; path = PrivacyInfo.xcprivacy; sourceTree = "<group>"; };
		907F98622C06B97000D2D242 /* Entitlements-Debug.plist */ = {isa = PBXFileReference; lastKnownFileType = text.plist.entitlements; path = "Entitlements-Debug.plist"; sourceTree = "<group>"; };
		907F98632C06B9C800D2D242 /* Entitlements-Release.plist */ = {isa = PBXFileReference; lastKnownFileType = text.plist.entitlements; path = "Entitlements-Release.plist"; sourceTree = "<group>"; };
		907F98652C06BC1B00D2D242 /* config.xml */ = {isa = PBXFileReference; lastKnownFileType = text.xml; path = config.xml; sourceTree = "<group>"; };
		907F98692C06BCD300D2D242 /* www */ = {isa = PBXFileReference; lastKnownFileType = folder; path = www; sourceTree = SOURCE_ROOT; };
		9080B40F2C6DD7EC00078F33 /* config.xml */ = {isa = PBXFileReference; fileEncoding = 4; lastKnownFileType = text.xml; name = config.xml; path = ../../config.xml; sourceTree = "<group>"; };
		90BD9B6C2C06907D000DEBAB /* Культура дома.app */ = {isa = PBXFileReference; explicitFileType = wrapper.application; includeInIndex = 0; path = "Культура дома.app"; sourceTree = BUILT_PRODUCTS_DIR; };
		90BD9B792C06907D000DEBAB /* Base */ = {isa = PBXFileReference; lastKnownFileType = file.storyboard; name = Base; path = Base.lproj/Main.storyboard; sourceTree = "<group>"; };
		90BD9B7B2C06907E000DEBAB /* Assets.xcassets */ = {isa = PBXFileReference; lastKnownFileType = folder.assetcatalog; path = Assets.xcassets; sourceTree = "<group>"; };
		90BD9B7E2C06907E000DEBAB /* Base */ = {isa = PBXFileReference; lastKnownFileType = file.storyboard; name = Base; path = Base.lproj/CDVLaunchScreen.storyboard; sourceTree = "<group>"; };
		90BD9B802C06907E000DEBAB /* App-Info.plist */ = {isa = PBXFileReference; lastKnownFileType = text.plist.xml; path = "App-Info.plist"; sourceTree = "<group>"; };
		90CBB5272C06968500B805A2 /* AppDelegate.swift */ = {isa = PBXFileReference; lastKnownFileType = sourcecode.swift; path = AppDelegate.swift; sourceTree = "<group>"; };
		90CBB5292C06968500B805A2 /* SceneDelegate.swift */ = {isa = PBXFileReference; lastKnownFileType = sourcecode.swift; path = SceneDelegate.swift; sourceTree = "<group>"; };
		90CBB52B2C06968500B805A2 /* ViewController.swift */ = {isa = PBXFileReference; lastKnownFileType = sourcecode.swift; path = ViewController.swift; sourceTree = "<group>"; };
		90EB303B2C6DD83300CEEB2F /* build.xcconfig */ = {isa = PBXFileReference; fileEncoding = 4; lastKnownFileType = text.xcconfig; name = build.xcconfig; path = cordova/build.xcconfig; sourceTree = SOURCE_ROOT; };
		90EB303C2C6DD83300CEEB2F /* build-extras.xcconfig */ = {isa = PBXFileReference; fileEncoding = 4; lastKnownFileType = text.xcconfig; name = "build-extras.xcconfig"; path = "cordova/build-extras.xcconfig"; sourceTree = SOURCE_ROOT; };
		90EB303F2C6DD87600CEEB2F /* build-debug.xcconfig */ = {isa = PBXFileReference; fileEncoding = 4; lastKnownFileType = text.xcconfig; name = "build-debug.xcconfig"; path = "cordova/build-debug.xcconfig"; sourceTree = SOURCE_ROOT; };
		90EB30402C6DD87600CEEB2F /* build-release.xcconfig */ = {isa = PBXFileReference; fileEncoding = 4; lastKnownFileType = text.xcconfig; name = "build-release.xcconfig"; path = "cordova/build-release.xcconfig"; sourceTree = SOURCE_ROOT; };
		90F7E7002C6EB78900AD84C2 /* AppDelegate.h */ = {isa = PBXFileReference; fileEncoding = 4; lastKnownFileType = sourcecode.c.h; path = AppDelegate.h; sourceTree = "<group>"; };
		90F7E7012C6EB78900AD84C2 /* MainViewController.h */ = {isa = PBXFileReference; fileEncoding = 4; lastKnownFileType = sourcecode.c.h; path = MainViewController.h; sourceTree = "<group>"; };
		95C834761521465EA3A5407F /* CDVFile.bundle */ = {isa = PBXFileReference; includeInIndex = 0; lastKnownFileType = "wrapper.plug-in"; path = CDVFile.bundle; sourceTree = "<group>"; };
		97F3704393F54E18AF7A7A45 /* CDVReachability.h */ = {isa = PBXFileReference; fileEncoding = 4; includeInIndex = 0; lastKnownFileType = sourcecode.c.h; name = CDVReachability.h; path = "cordova-plugin-network-information/CDVReachability.h"; sourceTree = "<group>"; };
		C255055F74BC4536B729F4E3 /* CDVStatusBar.h */ = {isa = PBXFileReference; fileEncoding = 4; includeInIndex = 0; lastKnownFileType = sourcecode.c.h; name = CDVStatusBar.h; path = "cordova-plugin-statusbar/CDVStatusBar.h"; sourceTree = "<group>"; };
		C3583966B49F4C3FB70D3B71 /* CDVCapture.h */ = {isa = PBXFileReference; fileEncoding = 4; includeInIndex = 0; lastKnownFileType = sourcecode.c.h; name = CDVCapture.h; path = "cordova-plugin-media-capture/CDVCapture.h"; sourceTree = "<group>"; };
		C377595E571A41379E6F1671 /* SystemConfiguration.framework */ = {isa = PBXFileReference; includeInIndex = 0; lastKnownFileType = wrapper.framework; name = SystemConfiguration.framework; path = System/Library/Frameworks/SystemConfiguration.framework; sourceTree = SDKROOT; };
		D5FF94D0892D45E797AE95AB /* CDVAssetLibraryFilesystem.h */ = {isa = PBXFileReference; fileEncoding = 4; includeInIndex = 0; lastKnownFileType = sourcecode.c.h; name = CDVAssetLibraryFilesystem.h; path = "cordova-plugin-file/CDVAssetLibraryFilesystem.h"; sourceTree = "<group>"; };
		E445A9396AEC42CBB59D1301 /* CDVDevice.h */ = {isa = PBXFileReference; fileEncoding = 4; includeInIndex = 0; lastKnownFileType = sourcecode.c.h; name = CDVDevice.h; path = "cordova-plugin-device/CDVDevice.h"; sourceTree = "<group>"; };
		F0615F9E7F1A45ACBC4C3DFD /* CDVWKInAppBrowser.h */ = {isa = PBXFileReference; fileEncoding = 4; includeInIndex = 0; lastKnownFileType = sourcecode.c.h; name = CDVWKInAppBrowser.h; path = "cordova-plugin-inappbrowser/CDVWKInAppBrowser.h"; sourceTree = "<group>"; };
		F4FDFD2E55934EE19E8C5F81 /* CDVWKInAppBrowserUIDelegate.h */ = {isa = PBXFileReference; fileEncoding = 4; includeInIndex = 0; lastKnownFileType = sourcecode.c.h; name = CDVWKInAppBrowserUIDelegate.h; path = "cordova-plugin-inappbrowser/CDVWKInAppBrowserUIDelegate.h"; sourceTree = "<group>"; };
		F4FEB6D4DCFB4AB9AAC2F6B7 /* CDVCapture.bundle */ = {isa = PBXFileReference; includeInIndex = 0; lastKnownFileType = "wrapper.plug-in"; path = CDVCapture.bundle; sourceTree = "<group>"; };
		F7B2374BCF67447DA744CAC6 /* CDVStatusBar.m */ = {isa = PBXFileReference; fileEncoding = 4; includeInIndex = 0; lastKnownFileType = sourcecode.c.objc; name = CDVStatusBar.m; path = "cordova-plugin-statusbar/CDVStatusBar.m"; sourceTree = "<group>"; };
		FDDBB8E8B31D40BA8E7F0B53 /* CDVLocalFilesystem.h */ = {isa = PBXFileReference; fileEncoding = 4; includeInIndex = 0; lastKnownFileType = sourcecode.c.h; name = CDVLocalFilesystem.h; path = "cordova-plugin-file/CDVLocalFilesystem.h"; sourceTree = "<group>"; };
		FECBF7B42CE2447CB98AB74B /* CDVFile.m */ = {isa = PBXFileReference; fileEncoding = 4; includeInIndex = 0; lastKnownFileType = sourcecode.c.objc; name = CDVFile.m; path = "cordova-plugin-file/CDVFile.m"; sourceTree = "<group>"; };
/* End PBXFileReference section */

/* Begin PBXFrameworksBuildPhase section */
		90BD9B692C06907D000DEBAB /* Frameworks */ = {
			isa = PBXFrameworksBuildPhase;
			buildActionMask = 2147483647;
			files = (
				90A914592CA3D370003DB979 /* Cordova in Frameworks */,
				90D82ABD2CF19AEA001383CF /* CordovaPlugins in Frameworks */,
				F97F4772BF914405AE2B0FAC /* SystemConfiguration.framework in Frameworks */,
				D08B9E5830564D8C8BEB2539 /* CoreTelephony.framework in Frameworks */,
			);
			runOnlyForDeploymentPostprocessing = 0;
		};
/* End PBXFrameworksBuildPhase section */

/* Begin PBXGroup section */
		905D2F6D2C6DDEE100117937 /* Resources */ = {
			isa = PBXGroup;
			children = (
				8A973609DD394A5296D8C405 /* GoogleService-Info.plist */,
				95C834761521465EA3A5407F /* CDVFile.bundle */,
				F4FEB6D4DCFB4AB9AAC2F6B7 /* CDVCapture.bundle */,
			);
			path = Resources;
			sourceTree = "<group>";
		};
		907F98542C06B85800D2D242 /* Plugins */ = {
			isa = PBXGroup;
			children = (
				5464429F5A4348C69AA20217 /* CDVDevice.m */,
				E445A9396AEC42CBB59D1301 /* CDVDevice.h */,
				3FA87E5F78EF4439B8416095 /* CDVConnection.m */,
				5ABF232750D74F809F4FF348 /* CDVReachability.m */,
				621A4CBC1EAE4DFFB9ACD88D /* CDVConnection.h */,
				97F3704393F54E18AF7A7A45 /* CDVReachability.h */,
				F7B2374BCF67447DA744CAC6 /* CDVStatusBar.m */,
				C255055F74BC4536B729F4E3 /* CDVStatusBar.h */,
				FECBF7B42CE2447CB98AB74B /* CDVFile.m */,
				5DE429CE9E6F417E81ECF835 /* CDVLocalFilesystem.m */,
				683EE2C641A141C89C941DB3 /* CDVAssetLibraryFilesystem.m */,
				4D3057418DDE45FB8DCBF5C8 /* CDVFile.h */,
				FDDBB8E8B31D40BA8E7F0B53 /* CDVLocalFilesystem.h */,
				D5FF94D0892D45E797AE95AB /* CDVAssetLibraryFilesystem.h */,
				8D8AA8DC58D348599A81EB87 /* CDVSound.m */,
				8803A2664F104189963ED975 /* CDVSound.h */,
				64679492BC4E4CCD96E6988C /* CDVInAppBrowserOptions.m */,
				04776FF07DD94D68AC8DF6D3 /* CDVInAppBrowserNavigationController.m */,
				03777303B2E5457586C627B7 /* CDVWKInAppBrowser.m */,
				8022C4FD173645099769A18E /* CDVWKInAppBrowserUIDelegate.m */,
				6F92439E1663410BB0C2AC26 /* CDVInAppBrowserOptions.h */,
				2E8C9B2BCA704A7FB69843D4 /* CDVInAppBrowserNavigationController.h */,
				F0615F9E7F1A45ACBC4C3DFD /* CDVWKInAppBrowser.h */,
				F4FDFD2E55934EE19E8C5F81 /* CDVWKInAppBrowserUIDelegate.h */,
				5ED064AF024E43469BABD07F /* CDVCapture.m */,
				C3583966B49F4C3FB70D3B71 /* CDVCapture.h */,
			);
			path = Plugins;
			sourceTree = "<group>";
		};
		907F98602C06B8F000D2D242 /* Frameworks */ = {
			isa = PBXGroup;
			children = (
				C377595E571A41379E6F1671 /* SystemConfiguration.framework */,
				05A5D2841B8A41A3BC87AAD1 /* CoreTelephony.framework */,
			);
			name = Frameworks;
			sourceTree = "<group>";
		};
		9080B40D2C6DD79000078F33 /* config */ = {
			isa = PBXGroup;
			children = (
				90EB303F2C6DD87600CEEB2F /* build-debug.xcconfig */,
				90EB30402C6DD87600CEEB2F /* build-release.xcconfig */,
				90EB303C2C6DD83300CEEB2F /* build-extras.xcconfig */,
				90EB303B2C6DD83300CEEB2F /* build.xcconfig */,
			);
			name = config;
			sourceTree = "<group>";
		};
		9080B40E2C6DD7A100078F33 /* staging */ = {
			isa = PBXGroup;
			children = (
				907F98652C06BC1B00D2D242 /* config.xml */,
				907F98692C06BCD300D2D242 /* www */,
			);
			name = staging;
			sourceTree = "<group>";
		};
		90BD9B632C06907D000DEBAB /* CustomTemplate */ = {
			isa = PBXGroup;
			children = (
				9080B40F2C6DD7EC00078F33 /* config.xml */,
				9040B1882C6DD41B00662C5D /* www */,
				90BD9B6E2C06907D000DEBAB /* App */,
				90BD9B6D2C06907D000DEBAB /* Products */,
				907F98602C06B8F000D2D242 /* Frameworks */,
			);
			name = CustomTemplate;
			sourceTree = "<group>";
		};
		90BD9B6D2C06907D000DEBAB /* Products */ = {
			isa = PBXGroup;
			children = (
				90BD9B6C2C06907D000DEBAB /* Культура дома.app */,
			);
			name = Products;
			sourceTree = "<group>";
		};
		90BD9B6E2C06907D000DEBAB /* App */ = {
			isa = PBXGroup;
			children = (
				90CBB5272C06968500B805A2 /* AppDelegate.swift */,
				90CBB5292C06968500B805A2 /* SceneDelegate.swift */,
				90CBB52B2C06968500B805A2 /* ViewController.swift */,
				90BD9B7D2C06907E000DEBAB /* CDVLaunchScreen.storyboard */,
				90BD9B782C06907D000DEBAB /* Main.storyboard */,
				90BD9B7B2C06907E000DEBAB /* Assets.xcassets */,
				90BD9B802C06907E000DEBAB /* App-Info.plist */,
				907F98552C06B87200D2D242 /* PrivacyInfo.xcprivacy */,
				907F98622C06B97000D2D242 /* Entitlements-Debug.plist */,
				907F98632C06B9C800D2D242 /* Entitlements-Release.plist */,
				90F7E7002C6EB78900AD84C2 /* AppDelegate.h */,
				9040B1872C6DD3EB00662C5D /* Bridging-Header.h */,
				90F7E7012C6EB78900AD84C2 /* MainViewController.h */,
				907F98542C06B85800D2D242 /* Plugins */,
				905D2F6D2C6DDEE100117937 /* Resources */,
				9080B40D2C6DD79000078F33 /* config */,
				9080B40E2C6DD7A100078F33 /* staging */,
			);
			path = App;
			sourceTree = "<group>";
		};
/* End PBXGroup section */

/* Begin PBXNativeTarget section */
		90BD9B6B2C06907D000DEBAB /* App */ = {
			isa = PBXNativeTarget;
			buildConfigurationList = 90BD9B852C06907E000DEBAB /* Build configuration list for PBXNativeTarget "App" */;
			buildPhases = (
				90BD9B682C06907D000DEBAB /* Sources */,
				90BD9B692C06907D000DEBAB /* Frameworks */,
				90BD9B6A2C06907D000DEBAB /* Resources */,
				902AE2152C6C059A0041150F /* Embed Frameworks */,
			);
			buildRules = (
			);
			dependencies = (
			);
			name = App;
			packageProductDependencies = (
				90A914582CA3D370003DB979 /* Cordova */,
				90D82ABC2CF19AEA001383CF /* CordovaPlugins */,
			);
			productName = App;
			productReference = 90BD9B6C2C06907D000DEBAB /* Культура дома.app */;
			productType = "com.apple.product-type.application";
		};
/* End PBXNativeTarget section */

/* Begin PBXProject section */
		90BD9B642C06907D000DEBAB /* Project object */ = {
			isa = PBXProject;
			attributes = {
				BuildIndependentTargetsInParallel = YES;
				LastSwiftUpdateCheck = 1540;
				LastUpgradeCheck = 2600;
				TargetAttributes = {
					90BD9B6B2C06907D000DEBAB = {
						CreatedOnToolsVersion = 15.4;
					};
				};
			};
			buildConfigurationList = 90BD9B672C06907D000DEBAB /* Build configuration list for PBXProject "App" */;
			compatibilityVersion = "Xcode 15.0";
			developmentRegion = en;
			hasScannedForEncodings = 0;
			knownRegions = (
				en,
				Base,
			);
			mainGroup = 90BD9B632C06907D000DEBAB /* CustomTemplate */;
			packageReferences = (
				90A914572CA3D370003DB979 /* XCLocalSwiftPackageReference "packages/cordova-ios" */,
				90D82ABB2CF19AEA001383CF /* XCLocalSwiftPackageReference "packages/cordova-ios-plugins" */,
			);
			productRefGroup = 90BD9B6D2C06907D000DEBAB /* Products */;
			projectDirPath = "";
			projectRoot = "";
			targets = (
				90BD9B6B2C06907D000DEBAB /* App */,
			);
		};
/* End PBXProject section */

/* Begin PBXResourcesBuildPhase section */
		90BD9B6A2C06907D000DEBAB /* Resources */ = {
			isa = PBXResourcesBuildPhase;
			buildActionMask = 2147483647;
			files = (
				907F986A2C06BCD300D2D242 /* www in Resources */,
				90BD9B7C2C06907E000DEBAB /* Assets.xcassets in Resources */,
				90BD9B7F2C06907E000DEBAB /* Base in Resources */,
				907F98562C06B87200D2D242 /* PrivacyInfo.xcprivacy in Resources */,
				90BD9B7A2C06907D000DEBAB /* Base in Resources */,
				907F98662C06BC1B00D2D242 /* config.xml in Resources */,
				EE8887C878BC43049AC95C09 /* GoogleService-Info.plist in Resources */,
				E46D8A13F3FB41EAABF0E4A3 /* CDVFile.bundle in Resources */,
				76A4AB9FE9EA44F2AB2E4E63 /* CDVCapture.bundle in Resources */,
			);
			runOnlyForDeploymentPostprocessing = 0;
		};
/* End PBXResourcesBuildPhase section */

/* Begin PBXSourcesBuildPhase section */
		90BD9B682C06907D000DEBAB /* Sources */ = {
			isa = PBXSourcesBuildPhase;
			buildActionMask = 2147483647;
			files = (
				90CBB52C2C06968500B805A2 /* ViewController.swift in Sources */,
				90CBB5282C06968500B805A2 /* AppDelegate.swift in Sources */,
				90CBB52A2C06968500B805A2 /* SceneDelegate.swift in Sources */,
				9FE07E69CF7147E5ADB36EA7 /* CDVDevice.m in Sources */,
				18DB93A9252748A8A8CD4666 /* CDVConnection.m in Sources */,
				BCED2E4EE9354D6E93375A84 /* CDVReachability.m in Sources */,
				470C39B4069A48589703ECCA /* CDVStatusBar.m in Sources */,
				23B22488A6B24A258B15A6CE /* CDVFile.m in Sources */,
				2E9F258217184015B4BC50A9 /* CDVLocalFilesystem.m in Sources */,
				92FE6BAEA767403BA7A9928C /* CDVAssetLibraryFilesystem.m in Sources */,
				B9325416B0E84FE5938680EF /* CDVSound.m in Sources */,
				9D6293B5A8D349719A747B2E /* CDVInAppBrowserOptions.m in Sources */,
				19485680E6204B7DADF1B224 /* CDVInAppBrowserNavigationController.m in Sources */,
				772108153B9B44E694860317 /* CDVWKInAppBrowser.m in Sources */,
				FD4E1A491FB84504A3151717 /* CDVWKInAppBrowserUIDelegate.m in Sources */,
				D9AD67268AAD4D21951867F3 /* CDVCapture.m in Sources */,
			);
			runOnlyForDeploymentPostprocessing = 0;
		};
/* End PBXSourcesBuildPhase section */

/* Begin PBXVariantGroup section */
		90BD9B782C06907D000DEBAB /* Main.storyboard */ = {
			isa = PBXVariantGroup;
			children = (
				90BD9B792C06907D000DEBAB /* Base */,
			);
			name = Main.storyboard;
			sourceTree = "<group>";
		};
		90BD9B7D2C06907E000DEBAB /* CDVLaunchScreen.storyboard */ = {
			isa = PBXVariantGroup;
			children = (
				90BD9B7E2C06907E000DEBAB /* Base */,
			);
			name = CDVLaunchScreen.storyboard;
			sourceTree = "<group>";
		};
/* End PBXVariantGroup section */

/* Begin XCBuildConfiguration section */
		90BD9B832C06907E000DEBAB /* Debug */ = {
			isa = XCBuildConfiguration;
			buildSettings = {
				ALWAYS_SEARCH_USER_PATHS = NO;
				ASSETCATALOG_COMPILER_GENERATE_SWIFT_ASSET_SYMBOL_EXTENSIONS = YES;
				CLANG_ANALYZER_NONNULL = YES;
				CLANG_ANALYZER_NUMBER_OBJECT_CONVERSION = YES_AGGRESSIVE;
				CLANG_CXX_LANGUAGE_STANDARD = "gnu++20";
				CLANG_ENABLE_MODULES = YES;
				CLANG_ENABLE_OBJC_ARC = YES;
				CLANG_ENABLE_OBJC_WEAK = YES;
				CLANG_WARN_BLOCK_CAPTURE_AUTORELEASING = YES;
				CLANG_WARN_BOOL_CONVERSION = YES;
				CLANG_WARN_COMMA = YES;
				CLANG_WARN_CONSTANT_CONVERSION = YES;
				CLANG_WARN_DEPRECATED_OBJC_IMPLEMENTATIONS = YES;
				CLANG_WARN_DIRECT_OBJC_ISA_USAGE = YES_ERROR;
				CLANG_WARN_DOCUMENTATION_COMMENTS = YES;
				CLANG_WARN_EMPTY_BODY = YES;
				CLANG_WARN_ENUM_CONVERSION = YES;
				CLANG_WARN_INFINITE_RECURSION = YES;
				CLANG_WARN_INT_CONVERSION = YES;
				CLANG_WARN_NON_LITERAL_NULL_CONVERSION = YES;
				CLANG_WARN_OBJC_IMPLICIT_RETAIN_SELF = YES;
				CLANG_WARN_OBJC_LITERAL_CONVERSION = YES;
				CLANG_WARN_OBJC_ROOT_CLASS = YES_ERROR;
				CLANG_WARN_QUOTED_INCLUDE_IN_FRAMEWORK_HEADER = YES;
				CLANG_WARN_RANGE_LOOP_ANALYSIS = YES;
				CLANG_WARN_STRICT_PROTOTYPES = YES;
				CLANG_WARN_SUSPICIOUS_MOVE = YES;
				CLANG_WARN_UNGUARDED_AVAILABILITY = YES_AGGRESSIVE;
				CLANG_WARN_UNREACHABLE_CODE = YES;
				CLANG_WARN__DUPLICATE_METHOD_MATCH = YES;
				COPY_PHASE_STRIP = NO;
				DEBUG_INFORMATION_FORMAT = dwarf;
				"DEPLOYMENT_LOCATION[sdk=iphonesimulator*]" = YES;
				"DEPLOYMENT_LOCATION[sdk=macosx*]" = YES;
				"DEPLOYMENT_LOCATION[sdk=xrsimulator*]" = YES;
				DSTROOT = "$(SRCROOT)/build";
				ENABLE_STRICT_OBJC_MSGSEND = YES;
				ENABLE_TESTABILITY = YES;
				ENABLE_USER_SCRIPT_SANDBOXING = NO;
				GCC_C_LANGUAGE_STANDARD = gnu17;
				GCC_DYNAMIC_NO_PIC = NO;
				GCC_NO_COMMON_BLOCKS = YES;
				GCC_OPTIMIZATION_LEVEL = 0;
				GCC_PREPROCESSOR_DEFINITIONS = (
					"DEBUG=1",
					"$(inherited)",
				);
				GCC_WARN_64_TO_32_BIT_CONVERSION = YES;
				GCC_WARN_ABOUT_RETURN_TYPE = YES_ERROR;
				GCC_WARN_UNDECLARED_SELECTOR = YES;
				GCC_WARN_UNINITIALIZED_AUTOS = YES_AGGRESSIVE;
				GCC_WARN_UNUSED_FUNCTION = YES;
				GCC_WARN_UNUSED_VARIABLE = YES;
				"INSTALL_PATH[sdk=iphonesimulator*]" = "$(CONFIGURATION)$(EFFECTIVE_PLATFORM_NAME)";
				"INSTALL_PATH[sdk=macosx*]" = "$(CONFIGURATION)$(EFFECTIVE_PLATFORM_NAME)";
				"INSTALL_PATH[sdk=xrsimulator*]" = "$(CONFIGURATION)$(EFFECTIVE_PLATFORM_NAME)";
				IPHONEOS_DEPLOYMENT_TARGET = 15.0;
				LOCALIZATION_PREFERS_STRING_CATALOGS = YES;
				MTL_ENABLE_DEBUG_INFO = INCLUDE_SOURCE;
				MTL_FAST_MATH = YES;
				ONLY_ACTIVE_ARCH = YES;
				SDKROOT = iphoneos;
				STRING_CATALOG_GENERATE_SYMBOLS = YES;
				SUPPORTS_MACCATALYST = YES;
				SUPPORTS_MAC_DESIGNED_FOR_IPHONE_IPAD = NO;
				SWIFT_ACTIVE_COMPILATION_CONDITIONS = "DEBUG $(inherited)";
				SWIFT_OPTIMIZATION_LEVEL = "-Onone";
				TARGETED_DEVICE_FAMILY = "1,2";
				VALIDATE_WORKSPACE = NO;
			};
			name = Debug;
		};
		90BD9B842C06907E000DEBAB /* Release */ = {
			isa = XCBuildConfiguration;
			buildSettings = {
				ALWAYS_SEARCH_USER_PATHS = NO;
				ASSETCATALOG_COMPILER_GENERATE_SWIFT_ASSET_SYMBOL_EXTENSIONS = YES;
				CLANG_ANALYZER_NONNULL = YES;
				CLANG_ANALYZER_NUMBER_OBJECT_CONVERSION = YES_AGGRESSIVE;
				CLANG_CXX_LANGUAGE_STANDARD = "gnu++20";
				CLANG_ENABLE_MODULES = YES;
				CLANG_ENABLE_OBJC_ARC = YES;
				CLANG_ENABLE_OBJC_WEAK = YES;
				CLANG_WARN_BLOCK_CAPTURE_AUTORELEASING = YES;
				CLANG_WARN_BOOL_CONVERSION = YES;
				CLANG_WARN_COMMA = YES;
				CLANG_WARN_CONSTANT_CONVERSION = YES;
				CLANG_WARN_DEPRECATED_OBJC_IMPLEMENTATIONS = YES;
				CLANG_WARN_DIRECT_OBJC_ISA_USAGE = YES_ERROR;
				CLANG_WARN_DOCUMENTATION_COMMENTS = YES;
				CLANG_WARN_EMPTY_BODY = YES;
				CLANG_WARN_ENUM_CONVERSION = YES;
				CLANG_WARN_INFINITE_RECURSION = YES;
				CLANG_WARN_INT_CONVERSION = YES;
				CLANG_WARN_NON_LITERAL_NULL_CONVERSION = YES;
				CLANG_WARN_OBJC_IMPLICIT_RETAIN_SELF = YES;
				CLANG_WARN_OBJC_LITERAL_CONVERSION = YES;
				CLANG_WARN_OBJC_ROOT_CLASS = YES_ERROR;
				CLANG_WARN_QUOTED_INCLUDE_IN_FRAMEWORK_HEADER = YES;
				CLANG_WARN_RANGE_LOOP_ANALYSIS = YES;
				CLANG_WARN_STRICT_PROTOTYPES = YES;
				CLANG_WARN_SUSPICIOUS_MOVE = YES;
				CLANG_WARN_UNGUARDED_AVAILABILITY = YES_AGGRESSIVE;
				CLANG_WARN_UNREACHABLE_CODE = YES;
				CLANG_WARN__DUPLICATE_METHOD_MATCH = YES;
				COPY_PHASE_STRIP = NO;
				DEBUG_INFORMATION_FORMAT = "dwarf-with-dsym";
				"DEPLOYMENT_LOCATION[sdk=iphonesimulator*]" = YES;
				"DEPLOYMENT_LOCATION[sdk=macosx*]" = YES;
				"DEPLOYMENT_LOCATION[sdk=xrsimulator*]" = YES;
				DSTROOT = "$(SRCROOT)/build";
				ENABLE_NS_ASSERTIONS = NO;
				ENABLE_STRICT_OBJC_MSGSEND = YES;
				ENABLE_USER_SCRIPT_SANDBOXING = NO;
				GCC_C_LANGUAGE_STANDARD = gnu17;
				GCC_NO_COMMON_BLOCKS = YES;
				GCC_WARN_64_TO_32_BIT_CONVERSION = YES;
				GCC_WARN_ABOUT_RETURN_TYPE = YES_ERROR;
				GCC_WARN_UNDECLARED_SELECTOR = YES;
				GCC_WARN_UNINITIALIZED_AUTOS = YES_AGGRESSIVE;
				GCC_WARN_UNUSED_FUNCTION = YES;
				GCC_WARN_UNUSED_VARIABLE = YES;
				"INSTALL_PATH[sdk=iphonesimulator*]" = "$(CONFIGURATION)$(EFFECTIVE_PLATFORM_NAME)";
				"INSTALL_PATH[sdk=macosx*]" = "$(CONFIGURATION)$(EFFECTIVE_PLATFORM_NAME)";
				"INSTALL_PATH[sdk=xrsimulator*]" = "$(CONFIGURATION)$(EFFECTIVE_PLATFORM_NAME)";
				IPHONEOS_DEPLOYMENT_TARGET = 15.0;
				LOCALIZATION_PREFERS_STRING_CATALOGS = YES;
				MTL_ENABLE_DEBUG_INFO = NO;
				MTL_FAST_MATH = YES;
				SDKROOT = iphoneos;
				STRING_CATALOG_GENERATE_SYMBOLS = YES;
				SUPPORTS_MACCATALYST = YES;
				SUPPORTS_MAC_DESIGNED_FOR_IPHONE_IPAD = NO;
				SWIFT_COMPILATION_MODE = wholemodule;
				TARGETED_DEVICE_FAMILY = "1,2";
				VALIDATE_PRODUCT = YES;
			};
			name = Release;
		};
		90BD9B862C06907E000DEBAB /* Debug */ = {
			isa = XCBuildConfiguration;
			baseConfigurationReference = 90EB303F2C6DD87600CEEB2F /* build-debug.xcconfig */;
			buildSettings = {
				ASSETCATALOG_COMPILER_APPICON_NAME = AppIcon;
				CODE_SIGN_ENTITLEMENTS = "$(TARGET_NAME)/Entitlements-$(CONFIGURATION).plist";
				CODE_SIGN_STYLE = Automatic;
				CURRENT_PROJECT_VERSION = 1.0.4;
				DEVELOPMENT_TEAM = XR5DUP73MC;
				GENERATE_INFOPLIST_FILE = YES;
				INFOPLIST_FILE = "$(TARGET_NAME)/$(TARGET_NAME)-Info.plist";
				INFOPLIST_KEY_CFBundleDisplayName = "$(PRODUCT_NAME)";
				INFOPLIST_KEY_UIApplicationSupportsIndirectInputEvents = YES;
				INFOPLIST_KEY_UILaunchStoryboardName = CDVLaunchScreen;
				INFOPLIST_KEY_UIMainStoryboardFile = Main;
				INFOPLIST_KEY_UISupportedInterfaceOrientations_iPad = "UIInterfaceOrientationPortrait UIInterfaceOrientationPortraitUpsideDown UIInterfaceOrientationLandscapeLeft UIInterfaceOrientationLandscapeRight";
				INFOPLIST_KEY_UISupportedInterfaceOrientations_iPhone = "UIInterfaceOrientationPortrait UIInterfaceOrientationLandscapeLeft UIInterfaceOrientationLandscapeRight";
				IPHONEOS_DEPLOYMENT_TARGET = 15.0;
				LD_RUNPATH_SEARCH_PATHS = (
					"$(inherited)",
					"@executable_path/Frameworks",
				);
				MARKETING_VERSION = 1.0.4;
				OTHER_LDFLAGS = (
					"$(inherited)",
					"-ObjC",
				);
				PRODUCT_BUNDLE_IDENTIFIER = "com.kultura.app";
				PRODUCT_NAME = "Культура дома";
				SUPPORTED_PLATFORMS = "iphoneos iphonesimulator xros xrsimulator";
				SUPPORTS_MACCATALYST = YES;
				SUPPORTS_MAC_DESIGNED_FOR_IPHONE_IPAD = NO;
				SUPPORTS_XR_DESIGNED_FOR_IPHONE_IPAD = NO;
				SWIFT_EMIT_LOC_STRINGS = YES;
				SWIFT_OBJC_BRIDGING_HEADER = "$(TARGET_NAME)/Bridging-Header.h";
				SWIFT_VERSION = 5.0;
				TARGETED_DEVICE_FAMILY = "1,2,6,7";
			};
			name = Debug;
		};
		90BD9B872C06907E000DEBAB /* Release */ = {
			isa = XCBuildConfiguration;
			baseConfigurationReference = 90EB30402C6DD87600CEEB2F /* build-release.xcconfig */;
			buildSettings = {
				ASSETCATALOG_COMPILER_APPICON_NAME = AppIcon;
				CODE_SIGN_ENTITLEMENTS = "$(TARGET_NAME)/Entitlements-$(CONFIGURATION).plist";
				CODE_SIGN_STYLE = Automatic;
				CURRENT_PROJECT_VERSION = 1.0.4;
				DEVELOPMENT_TEAM = XR5DUP73MC;
				GENERATE_INFOPLIST_FILE = YES;
				INFOPLIST_FILE = "$(TARGET_NAME)/$(TARGET_NAME)-Info.plist";
				INFOPLIST_KEY_CFBundleDisplayName = "$(PRODUCT_NAME)";
				INFOPLIST_KEY_UIApplicationSupportsIndirectInputEvents = YES;
				INFOPLIST_KEY_UILaunchStoryboardName = CDVLaunchScreen;
				INFOPLIST_KEY_UIMainStoryboardFile = Main;
				INFOPLIST_KEY_UISupportedInterfaceOrientations_iPad = "UIInterfaceOrientationPortrait UIInterfaceOrientationPortraitUpsideDown UIInterfaceOrientationLandscapeLeft UIInterfaceOrientationLandscapeRight";
				INFOPLIST_KEY_UISupportedInterfaceOrientations_iPhone = "UIInterfaceOrientationPortrait UIInterfaceOrientationLandscapeLeft UIInterfaceOrientationLandscapeRight";
				IPHONEOS_DEPLOYMENT_TARGET = 15.0;
				LD_RUNPATH_SEARCH_PATHS = (
					"$(inherited)",
					"@executable_path/Frameworks",
				);
				MARKETING_VERSION = 1.0.4;
				OTHER_LDFLAGS = (
					"$(inherited)",
					"-ObjC",
				);
				PRODUCT_BUNDLE_IDENTIFIER = "com.kultura.app";
				PRODUCT_NAME = "Культура дома";
				SUPPORTED_PLATFORMS = "iphoneos iphonesimulator xros xrsimulator";
				SUPPORTS_MACCATALYST = YES;
				SUPPORTS_MAC_DESIGNED_FOR_IPHONE_IPAD = NO;
				SUPPORTS_XR_DESIGNED_FOR_IPHONE_IPAD = NO;
				SWIFT_EMIT_LOC_STRINGS = YES;
				SWIFT_OBJC_BRIDGING_HEADER = "$(TARGET_NAME)/Bridging-Header.h";
				SWIFT_VERSION = 5.0;
				TARGETED_DEVICE_FAMILY = "1,2,6,7";
			};
			name = Release;
		};
/* End XCBuildConfiguration section */

/* Begin XCConfigurationList section */
		90BD9B672C06907D000DEBAB /* Build configuration list for PBXProject "App" */ = {
			isa = XCConfigurationList;
			buildConfigurations = (
				90BD9B832C06907E000DEBAB /* Debug */,
				90BD9B842C06907E000DEBAB /* Release */,
			);
			defaultConfigurationIsVisible = 0;
			defaultConfigurationName = Release;
		};
		90BD9B852C06907E000DEBAB /* Build configuration list for PBXNativeTarget "App" */ = {
			isa = XCConfigurationList;
			buildConfigurations = (
				90BD9B862C06907E000DEBAB /* Debug */,
				90BD9B872C06907E000DEBAB /* Release */,
			);
			defaultConfigurationIsVisible = 0;
			defaultConfigurationName = Release;
		};
/* End XCConfigurationList section */

/* Begin XCLocalSwiftPackageReference section */
		90A914572CA3D370003DB979 /* XCLocalSwiftPackageReference "packages/cordova-ios" */ = {
			isa = XCLocalSwiftPackageReference;
			relativePath = "packages/cordova-ios";
		};
		90D82ABB2CF19AEA001383CF /* XCLocalSwiftPackageReference "packages/cordova-ios-plugins" */ = {
			isa = XCLocalSwiftPackageReference;
			relativePath = "packages/cordova-ios-plugins";
		};
/* End XCLocalSwiftPackageReference section */

/* Begin XCSwiftPackageProductDependency section */
		90A914582CA3D370003DB979 /* Cordova */ = {
			isa = XCSwiftPackageProductDependency;
			productName = Cordova;
		};
		90D82ABC2CF19AEA001383CF /* CordovaPlugins */ = {
			isa = XCSwiftPackageProductDependency;
			productName = CordovaPlugins;
		};
/* End XCSwiftPackageProductDependency section */
	};
	rootObject = 90BD9B642C06907D000DEBAB /* Project object */;
}
